
Microsoft Visual Studio Solution File, Format Version 12.00
# Visual Studio 15
VisualStudioVersion = 15.0.28307.757
MinimumVisualStudioVersion = 10.0.40219.1
Project("{FAE04EC0-301F-11D3-BF4B-00C04F79EFBC}") = "ADODisConnected", "ADODisConnected\ADODisConnected.csproj", "{0F8388B1-6816-405B-B636-973824840F9C}"
EndProject
Global
	GlobalSection(SolutionConfigurationPlatforms) = preSolution
		Debug|Any CPU = Debug|Any CPU
		Release|Any CPU = Release|Any CPU
	EndGlobalSection
	GlobalSection(ProjectConfigurationPlatforms) = postSolution
		{0F8388B1-6816-405B-B636-973824840F9C}.Debug|Any CPU.ActiveCfg = Debug|Any CPU
		{0F8388B1-6816-405B-B636-973824840F9C}.Debug|Any CPU.Build.0 = Debug|Any CPU
		{0F8388B1-6816-405B-B636-973824840F9C}.Release|Any CPU.ActiveCfg = Release|Any CPU
		{0F8388B1-6816-405B-B636-973824840F9C}.Release|Any CPU.Build.0 = Release|Any CPU
	EndGlobalSection
	GlobalSection(SolutionProperties) = preSolution
		HideSolutionNode = FALSE
	EndGlobalSection
	GlobalSection(ExtensibilityGlobals) = postSolution
		SolutionGuid = {FD73E49E-E633-4CC8-98CE-5373F0F1135B}
	EndGlobalSection
EndGlobal
